
Microsoft Visual Studio Solution File, Format Version 12.00
# Visual Studio Version 16
VisualStudioVersion = 16.0.30907.101
MinimumVisualStudioVersion = 10.0.40219.1
Project("{FAE04EC0-301F-11D3-BF4B-00C04F79EFBC}") = "jogodavelha", "jogodavelha\jogodavelha.csproj", "{1B79BDD8-945F-4F4D-82E0-FA0F1359D660}"
EndProject
Global
	GlobalSection(SolutionConfigurationPlatforms) = preSolution
		Debug|Any CPU = Debug|Any CPU
		Release|Any CPU = Release|Any CPU
	EndGlobalSection
	GlobalSection(ProjectConfigurationPlatforms) = postSolution
		{1B79BDD8-945F-4F4D-82E0-FA0F1359D660}.Debug|Any CPU.ActiveCfg = Debug|Any CPU
		{1B79BDD8-945F-4F4D-82E0-FA0F1359D660}.Debug|Any CPU.Build.0 = Debug|Any CPU
		{1B79BDD8-945F-4F4D-82E0-FA0F1359D660}.Release|Any CPU.ActiveCfg = Release|Any CPU
		{1B79BDD8-945F-4F4D-82E0-FA0F1359D660}.Release|Any CPU.Build.0 = Release|Any CPU
	EndGlobalSection
	GlobalSection(SolutionProperties) = preSolution
		HideSolutionNode = FALSE
	EndGlobalSection
	GlobalSection(ExtensibilityGlobals) = postSolution
		SolutionGuid = {2FA084B7-46FC-478F-87A3-1F948BB5B388}
	EndGlobalSection
EndGlobal
